
Microsoft Visual Studio Solution File, Format Version 12.00
# Visual Studio Version 16
VisualStudioVersion = 16.0.30517.126
MinimumVisualStudioVersion = 10.0.40219.1
Project("{FAE04EC0-301F-11D3-BF4B-00C04F79EFBC}") = "Herhaling01", "Herhaling01.csproj", "{78F6DC86-1DE7-4462-A371-51728412F875}"
EndProject
Global
	GlobalSection(SolutionConfigurationPlatforms) = preSolution
		Debug|Any CPU = Debug|Any CPU
		Release|Any CPU = Release|Any CPU
	EndGlobalSection
	GlobalSection(ProjectConfigurationPlatforms) = postSolution
		{78F6DC86-1DE7-4462-A371-51728412F875}.Debug|Any CPU.ActiveCfg = Debug|Any CPU
		{78F6DC86-1DE7-4462-A371-51728412F875}.Debug|Any CPU.Build.0 = Debug|Any CPU
		{78F6DC86-1DE7-4462-A371-51728412F875}.Release|Any CPU.ActiveCfg = Release|Any CPU
		{78F6DC86-1DE7-4462-A371-51728412F875}.Release|Any CPU.Build.0 = Release|Any CPU
	EndGlobalSection
	GlobalSection(SolutionProperties) = preSolution
		HideSolutionNode = FALSE
	EndGlobalSection
	GlobalSection(ExtensibilityGlobals) = postSolution
		SolutionGuid = {8F7934C0-FB5D-47D6-BC95-198D45883BBE}
	EndGlobalSection
EndGlobal
